// !$*UTF8*$!
{
	archiveVersion = 1;
	classes = {
	};
	objectVersion = 56;
	objects = {

/* Begin PBXBuildFile section */
		F52B55E42B7F256600338106 /* CustomKeyboardKit in Frameworks */ = {isa = PBXBuildFile; productRef = F52B55E32B7F256600338106 /* CustomKeyboardKit */; };
		F52B55E62B7F257E00338106 /* CustomKeyboard+vowels.swift in Sources */ = {isa = PBXBuildFile; fileRef = F52B55E52B7F257E00338106 /* CustomKeyboard+vowels.swift */; };
		F572CBC62B7F24BE0000E568 /* CustomKeyboardKit_TextFieldAxis_BugDemoApp.swift in Sources */ = {isa = PBXBuildFile; fileRef = F572CBC52B7F24BE0000E568 /* CustomKeyboardKit_TextFieldAxis_BugDemoApp.swift */; };
		F572CBC82B7F24BE0000E568 /* ContentView.swift in Sources */ = {isa = PBXBuildFile; fileRef = F572CBC72B7F24BE0000E568 /* ContentView.swift */; };
		F572CBCA2B7F24BF0000E568 /* Assets.xcassets in Resources */ = {isa = PBXBuildFile; fileRef = F572CBC92B7F24BF0000E568 /* Assets.xcassets */; };
		F572CBCD2B7F24BF0000E568 /* Preview Assets.xcassets in Resources */ = {isa = PBXBuildFile; fileRef = F572CBCC2B7F24BF0000E568 /* Preview Assets.xcassets */; };
/* End PBXBuildFile section */

/* Begin PBXFileReference section */
		F52B55E52B7F257E00338106 /* CustomKeyboard+vowels.swift */ = {isa = PBXFileReference; lastKnownFileType = sourcecode.swift; path = "CustomKeyboard+vowels.swift"; sourceTree = "<group>"; };
		F572CBC22B7F24BE0000E568 /* CustomKeyboardKit_TextFieldAxis_BugDemo.app */ = {isa = PBXFileReference; explicitFileType = wrapper.application; includeInIndex = 0; path = CustomKeyboardKit_TextFieldAxis_BugDemo.app; sourceTree = BUILT_PRODUCTS_DIR; };
		F572CBC52B7F24BE0000E568 /* CustomKeyboardKit_TextFieldAxis_BugDemoApp.swift */ = {isa = PBXFileReference; lastKnownFileType = sourcecode.swift; path = CustomKeyboardKit_TextFieldAxis_BugDemoApp.swift; sourceTree = "<group>"; };
		F572CBC72B7F24BE0000E568 /* ContentView.swift */ = {isa = PBXFileReference; lastKnownFileType = sourcecode.swift; path = ContentView.swift; sourceTree = "<group>"; };
		F572CBC92B7F24BF0000E568 /* Assets.xcassets */ = {isa = PBXFileReference; lastKnownFileType = folder.assetcatalog; path = Assets.xcassets; sourceTree = "<group>"; };
		F572CBCC2B7F24BF0000E568 /* Preview Assets.xcassets */ = {isa = PBXFileReference; lastKnownFileType = folder.assetcatalog; path = "Preview Assets.xcassets"; sourceTree = "<group>"; };
/* End PBXFileReference section */

/* Begin PBXFrameworksBuildPhase section */
		F572CBBF2B7F24BE0000E568 /* Frameworks */ = {
			isa = PBXFrameworksBuildPhase;
			buildActionMask = 2147483647;
			files = (
				F52B55E42B7F256600338106 /* CustomKeyboardKit in Frameworks */,
			);
			runOnlyForDeploymentPostprocessing = 0;
		};
/* End PBXFrameworksBuildPhase section */

/* Begin PBXGroup section */
		F572CBB92B7F24BE0000E568 = {
			isa = PBXGroup;
			children = (
				F572CBC42B7F24BE0000E568 /* CustomKeyboardKit_TextFieldAxis_BugDemo */,
				F572CBC32B7F24BE0000E568 /* Products */,
			);
			sourceTree = "<group>";
		};
		F572CBC32B7F24BE0000E568 /* Products */ = {
			isa = PBXGroup;
			children = (
				F572CBC22B7F24BE0000E568 /* CustomKeyboardKit_TextFieldAxis_BugDemo.app */,
			);
			name = Products;
			sourceTree = "<group>";
		};
		F572CBC42B7F24BE0000E568 /* CustomKeyboardKit_TextFieldAxis_BugDemo */ = {
			isa = PBXGroup;
			children = (
				F572CBC52B7F24BE0000E568 /* CustomKeyboardKit_TextFieldAxis_BugDemoApp.swift */,
				F572CBC72B7F24BE0000E568 /* ContentView.swift */,
				F572CBC92B7F24BF0000E568 /* Assets.xcassets */,
				F572CBCB2B7F24BF0000E568 /* Preview Content */,
				F52B55E52B7F257E00338106 /* CustomKeyboard+vowels.swift */,
			);
			path = CustomKeyboardKit_TextFieldAxis_BugDemo;
			sourceTree = "<group>";
		};
		F572CBCB2B7F24BF0000E568 /* Preview Content */ = {
			isa = PBXGroup;
			children = (
				F572CBCC2B7F24BF0000E568 /* Preview Assets.xcassets */,
			);
			path = "Preview Content";
			sourceTree = "<group>";
		};
/* End PBXGroup section */

/* Begin PBXNativeTarget section */
		F572CBC12B7F24BE0000E568 /* CustomKeyboardKit_TextFieldAxis_BugDemo */ = {
			isa = PBXNativeTarget;
			buildConfigurationList = F572CBD02B7F24BF0000E568 /* Build configuration list for PBXNativeTarget "CustomKeyboardKit_TextFieldAxis_BugDemo" */;
			buildPhases = (
				F572CBBE2B7F24BE0000E568 /* Sources */,
				F572CBBF2B7F24BE0000E568 /* Frameworks */,
				F572CBC02B7F24BE0000E568 /* Resources */,
			);
			buildRules = (
			);
			dependencies = (
			);
			name = CustomKeyboardKit_TextFieldAxis_BugDemo;
			packageProductDependencies = (
				F52B55E32B7F256600338106 /* CustomKeyboardKit */,
			);
			productName = CustomKeyboardKit_TextFieldAxis_BugDemo;
			productReference = F572CBC22B7F24BE0000E568 /* CustomKeyboardKit_TextFieldAxis_BugDemo.app */;
			productType = "com.apple.product-type.application";
		};
/* End PBXNativeTarget section */

/* Begin PBXProject section */
		F572CBBA2B7F24BE0000E568 /* Project object */ = {
			isa = PBXProject;
			attributes = {
				BuildIndependentTargetsInParallel = 1;
				LastSwiftUpdateCheck = 1520;
				LastUpgradeCheck = 1520;
				TargetAttributes = {
					F572CBC12B7F24BE0000E568 = {
						CreatedOnToolsVersion = 15.2;
					};
				};
			};
			buildConfigurationList = F572CBBD2B7F24BE0000E568 /* Build configuration list for PBXProject "CustomKeyboardKit_TextFieldAxis_BugDemo" */;
			compatibilityVersion = "Xcode 14.0";
			developmentRegion = en;
			hasScannedForEncodings = 0;
			knownRegions = (
				en,
				Base,
			);
			mainGroup = F572CBB92B7F24BE0000E568;
			packageReferences = (
				F52B55E22B7F256600338106 /* XCRemoteSwiftPackageReference "CustomKeyboardKit" */,
			);
			productRefGroup = F572CBC32B7F24BE0000E568 /* Products */;
			projectDirPath = "";
			projectRoot = "";
			targets = (
				F572CBC12B7F24BE0000E568 /* CustomKeyboardKit_TextFieldAxis_BugDemo */,
			);
		};
/* End PBXProject section */

/* Begin PBXResourcesBuildPhase section */
		F572CBC02B7F24BE0000E568 /* Resources */ = {
			isa = PBXResourcesBuildPhase;
			buildActionMask = 2147483647;
			files = (
				F572CBCD2B7F24BF0000E568 /* Preview Assets.xcassets in Resources */,
				F572CBCA2B7F24BF0000E568 /* Assets.xcassets in Resources */,
			);
			runOnlyForDeploymentPostprocessing = 0;
		};
/* End PBXResourcesBuildPhase section */

/* Begin PBXSourcesBuildPhase section */
		F572CBBE2B7F24BE0000E568 /* Sources */ = {
			isa = PBXSourcesBuildPhase;
			buildActionMask = 2147483647;
			files = (
				F572CBC82B7F24BE0000E568 /* ContentView.swift in Sources */,
				F572CBC62B7F24BE0000E568 /* CustomKeyboardKit_TextFieldAxis_BugDemoApp.swift in Sources */,
				F52B55E62B7F257E00338106 /* CustomKeyboard+vowels.swift in Sources */,
			);
			runOnlyForDeploymentPostprocessing = 0;
		};
/* End PBXSourcesBuildPhase section */

/* Begin XCBuildConfiguration section */
		F572CBCE2B7F24BF0000E568 /* Debug */ = {
			isa = XCBuildConfiguration;
			buildSettings = {
				ALWAYS_SEARCH_USER_PATHS = NO;
				ASSETCATALOG_COMPILER_GENERATE_SWIFT_ASSET_SYMBOL_EXTENSIONS = YES;
				CLANG_ANALYZER_NONNULL = YES;
				CLANG_ANALYZER_NUMBER_OBJECT_CONVERSION = YES_AGGRESSIVE;
				CLANG_CXX_LANGUAGE_STANDARD = "gnu++20";
				CLANG_ENABLE_MODULES = YES;
				CLANG_ENABLE_OBJC_ARC = YES;
				CLANG_ENABLE_OBJC_WEAK = YES;
				CLANG_WARN_BLOCK_CAPTURE_AUTORELEASING = YES;
				CLANG_WARN_BOOL_CONVERSION = YES;
				CLANG_WARN_COMMA = YES;
				CLANG_WARN_CONSTANT_CONVERSION = YES;
				CLANG_WARN_DEPRECATED_OBJC_IMPLEMENTATIONS = YES;
				CLANG_WARN_DIRECT_OBJC_ISA_USAGE = YES_ERROR;
				CLANG_WARN_DOCUMENTATION_COMMENTS = YES;
				CLANG_WARN_EMPTY_BODY = YES;
				CLANG_WARN_ENUM_CONVERSION = YES;
				CLANG_WARN_INFINITE_RECURSION = YES;
				CLANG_WARN_INT_CONVERSION = YES;
				CLANG_WARN_NON_LITERAL_NULL_CONVERSION = YES;
				CLANG_WARN_OBJC_IMPLICIT_RETAIN_SELF = YES;
				CLANG_WARN_OBJC_LITERAL_CONVERSION = YES;
				CLANG_WARN_OBJC_ROOT_CLASS = YES_ERROR;
				CLANG_WARN_QUOTED_INCLUDE_IN_FRAMEWORK_HEADER = YES;
				CLANG_WARN_RANGE_LOOP_ANALYSIS = YES;
				CLANG_WARN_STRICT_PROTOTYPES = YES;
				CLANG_WARN_SUSPICIOUS_MOVE = YES;
				CLANG_WARN_UNGUARDED_AVAILABILITY = YES_AGGRESSIVE;
				CLANG_WARN_UNREACHABLE_CODE = YES;
				CLANG_WARN__DUPLICATE_METHOD_MATCH = YES;
				COPY_PHASE_STRIP = NO;
				DEBUG_INFORMATION_FORMAT = dwarf;
				ENABLE_STRICT_OBJC_MSGSEND = YES;
				ENABLE_TESTABILITY = YES;
				ENABLE_USER_SCRIPT_SANDBOXING = YES;
				GCC_C_LANGUAGE_STANDARD = gnu17;
				GCC_DYNAMIC_NO_PIC = NO;
				GCC_NO_COMMON_BLOCKS = YES;
				GCC_OPTIMIZATION_LEVEL = 0;
				GCC_PREPROCESSOR_DEFINITIONS = (
					"DEBUG=1",
					"$(inherited)",
				);
				GCC_WARN_64_TO_32_BIT_CONVERSION = YES;
				GCC_WARN_ABOUT_RETURN_TYPE = YES_ERROR;
				GCC_WARN_UNDECLARED_SELECTOR = YES;
				GCC_WARN_UNINITIALIZED_AUTOS = YES_AGGRESSIVE;
				GCC_WARN_UNUSED_FUNCTION = YES;
				GCC_WARN_UNUSED_VARIABLE = YES;
				IPHONEOS_DEPLOYMENT_TARGET = 17.2;
				LOCALIZATION_PREFERS_STRING_CATALOGS = YES;
				MTL_ENABLE_DEBUG_INFO = INCLUDE_SOURCE;
				MTL_FAST_MATH = YES;
				ONLY_ACTIVE_ARCH = YES;
				SDKROOT = iphoneos;
				SWIFT_ACTIVE_COMPILATION_CONDITIONS = "DEBUG $(inherited)";
				SWIFT_OPTIMIZATION_LEVEL = "-Onone";
			};
			name = Debug;
		};
		F572CBCF2B7F24BF0000E568 /* Release */ = {
			isa = XCBuildConfiguration;
			buildSettings = {
				ALWAYS_SEARCH_USER_PATHS = NO;
				ASSETCATALOG_COMPILER_GENERATE_SWIFT_ASSET_SYMBOL_EXTENSIONS = YES;
				CLANG_ANALYZER_NONNULL = YES;
				CLANG_ANALYZER_NUMBER_OBJECT_CONVERSION = YES_AGGRESSIVE;
				CLANG_CXX_LANGUAGE_STANDARD = "gnu++20";
				CLANG_ENABLE_MODULES = YES;
				CLANG_ENABLE_OBJC_ARC = YES;
				CLANG_ENABLE_OBJC_WEAK = YES;
				CLANG_WARN_BLOCK_CAPTURE_AUTORELEASING = YES;
				CLANG_WARN_BOOL_CONVERSION = YES;
				CLANG_WARN_COMMA = YES;
				CLANG_WARN_CONSTANT_CONVERSION = YES;
				CLANG_WARN_DEPRECATED_OBJC_IMPLEMENTATIONS = YES;
				CLANG_WARN_DIRECT_OBJC_ISA_USAGE = YES_ERROR;
				CLANG_WARN_DOCUMENTATION_COMMENTS = YES;
				CLANG_WARN_EMPTY_BODY = YES;
				CLANG_WARN_ENUM_CONVERSION = YES;
				CLANG_WARN_INFINITE_RECURSION = YES;
				CLANG_WARN_INT_CONVERSION = YES;
				CLANG_WARN_NON_LITERAL_NULL_CONVERSION = YES;
				CLANG_WARN_OBJC_IMPLICIT_RETAIN_SELF = YES;
				CLANG_WARN_OBJC_LITERAL_CONVERSION = YES;
				CLANG_WARN_OBJC_ROOT_CLASS = YES_ERROR;
				CLANG_WARN_QUOTED_INCLUDE_IN_FRAMEWORK_HEADER = YES;
				CLANG_WARN_RANGE_LOOP_ANALYSIS = YES;
				CLANG_WARN_STRICT_PROTOTYPES = YES;
				CLANG_WARN_SUSPICIOUS_MOVE = YES;
				CLANG_WARN_UNGUARDED_AVAILABILITY = YES_AGGRESSIVE;
				CLANG_WARN_UNREACHABLE_CODE = YES;
				CLANG_WARN__DUPLICATE_METHOD_MATCH = YES;
				COPY_PHASE_STRIP = NO;
				DEBUG_INFORMATION_FORMAT = "dwarf-with-dsym";
				ENABLE_NS_ASSERTIONS = NO;
				ENABLE_STRICT_OBJC_MSGSEND = YES;
				ENABLE_USER_SCRIPT_SANDBOXING = YES;
				GCC_C_LANGUAGE_STANDARD = gnu17;
				GCC_NO_COMMON_BLOCKS = YES;
				GCC_WARN_64_TO_32_BIT_CONVERSION = YES;
				GCC_WARN_ABOUT_RETURN_TYPE = YES_ERROR;
				GCC_WARN_UNDECLARED_SELECTOR = YES;
				GCC_WARN_UNINITIALIZED_AUTOS = YES_AGGRESSIVE;
				GCC_WARN_UNUSED_FUNCTION = YES;
				GCC_WARN_UNUSED_VARIABLE = YES;
				IPHONEOS_DEPLOYMENT_TARGET = 17.2;
				LOCALIZATION_PREFERS_STRING_CATALOGS = YES;
				MTL_ENABLE_DEBUG_INFO = NO;
				MTL_FAST_MATH = YES;
				SDKROOT = iphoneos;
				SWIFT_COMPILATION_MODE = wholemodule;
				VALIDATE_PRODUCT = YES;
			};
			name = Release;
		};
		F572CBD12B7F24BF0000E568 /* Debug */ = {
			isa = XCBuildConfiguration;
			buildSettings = {
				ASSETCATALOG_COMPILER_APPICON_NAME = AppIcon;
				ASSETCATALOG_COMPILER_GLOBAL_ACCENT_COLOR_NAME = AccentColor;
				CODE_SIGN_STYLE = Manual;
				CURRENT_PROJECT_VERSION = 1;
				DEVELOPMENT_ASSET_PATHS = "\"CustomKeyboardKit_TextFieldAxis_BugDemo/Preview Content\"";
				DEVELOPMENT_TEAM = "";
				ENABLE_PREVIEWS = YES;
				GENERATE_INFOPLIST_FILE = YES;
				INFOPLIST_KEY_UIApplicationSceneManifest_Generation = YES;
				INFOPLIST_KEY_UIApplicationSupportsIndirectInputEvents = YES;
				INFOPLIST_KEY_UILaunchScreen_Generation = YES;
				INFOPLIST_KEY_UISupportedInterfaceOrientations_iPad = "UIInterfaceOrientationPortrait UIInterfaceOrientationPortraitUpsideDown UIInterfaceOrientationLandscapeLeft UIInterfaceOrientationLandscapeRight";
				INFOPLIST_KEY_UISupportedInterfaceOrientations_iPhone = "UIInterfaceOrientationPortrait UIInterfaceOrientationLandscapeLeft UIInterfaceOrientationLandscapeRight";
				IPHONEOS_DEPLOYMENT_TARGET = 16.0;
				LD_RUNPATH_SEARCH_PATHS = (
					"$(inherited)",
					"@executable_path/Frameworks",
				);
				MARKETING_VERSION = 1.0;
				PRODUCT_BUNDLE_IDENTIFIER = "org.fraune.CustomKeyboardKit-TextFieldAxis-BugDemo";
				PRODUCT_NAME = "$(TARGET_NAME)";
				PROVISIONING_PROFILE_SPECIFIER = "";
				SWIFT_EMIT_LOC_STRINGS = YES;
				SWIFT_VERSION = 5.0;
				TARGETED_DEVICE_FAMILY = "1,2";
			};
			name = Debug;
		};
		F572CBD22B7F24BF0000E568 /* Release */ = {
			isa = XCBuildConfiguration;
			buildSettings = {
				ASSETCATALOG_COMPILER_APPICON_NAME = AppIcon;
				ASSETCATALOG_COMPILER_GLOBAL_ACCENT_COLOR_NAME = AccentColor;
				CODE_SIGN_STYLE = Manual;
				CURRENT_PROJECT_VERSION = 1;
				DEVELOPMENT_ASSET_PATHS = "\"CustomKeyboardKit_TextFieldAxis_BugDemo/Preview Content\"";
				DEVELOPMENT_TEAM = "";
				ENABLE_PREVIEWS = YES;
				GENERATE_INFOPLIST_FILE = YES;
				INFOPLIST_KEY_UIApplicationSceneManifest_Generation = YES;
				INFOPLIST_KEY_UIApplicationSupportsIndirectInputEvents = YES;
				INFOPLIST_KEY_UILaunchScreen_Generation = YES;
				INFOPLIST_KEY_UISupportedInterfaceOrientations_iPad = "UIInterfaceOrientationPortrait UIInterfaceOrientationPortraitUpsideDown UIInterfaceOrientationLandscapeLeft UIInterfaceOrientationLandscapeRight";
				INFOPLIST_KEY_UISupportedInterfaceOrientations_iPhone = "UIInterfaceOrientationPortrait UIInterfaceOrientationLandscapeLeft UIInterfaceOrientationLandscapeRight";
				IPHONEOS_DEPLOYMENT_TARGET = 16.0;
				LD_RUNPATH_SEARCH_PATHS = (
					"$(inherited)",
					"@executable_path/Frameworks",
				);
				MARKETING_VERSION = 1.0;
				PRODUCT_BUNDLE_IDENTIFIER = "org.fraune.CustomKeyboardKit-TextFieldAxis-BugDemo";
				PRODUCT_NAME = "$(TARGET_NAME)";
				PROVISIONING_PROFILE_SPECIFIER = "";
				SWIFT_EMIT_LOC_STRINGS = YES;
				SWIFT_VERSION = 5.0;
				TARGETED_DEVICE_FAMILY = "1,2";
			};
			name = Release;
		};
/* End XCBuildConfiguration section */

/* Begin XCConfigurationList section */
		F572CBBD2B7F24BE0000E568 /* Build configuration list for PBXProject "CustomKeyboardKit_TextFieldAxis_BugDemo" */ = {
			isa = XCConfigurationList;
			buildConfigurations = (
				F572CBCE2B7F24BF0000E568 /* Debug */,
				F572CBCF2B7F24BF0000E568 /* Release */,
			);
			defaultConfigurationIsVisible = 0;
			defaultConfigurationName = Release;
		};
		F572CBD02B7F24BF0000E568 /* Build configuration list for PBXNativeTarget "CustomKeyboardKit_TextFieldAxis_BugDemo" */ = {
			isa = XCConfigurationList;
			buildConfigurations = (
				F572CBD12B7F24BF0000E568 /* Debug */,
				F572CBD22B7F24BF0000E568 /* Release */,
			);
			defaultConfigurationIsVisible = 0;
			defaultConfigurationName = Release;
		};
/* End XCConfigurationList section */

/* Begin XCRemoteSwiftPackageReference section */
		F52B55E22B7F256600338106 /* XCRemoteSwiftPackageReference "CustomKeyboardKit" */ = {
			isa = XCRemoteSwiftPackageReference;
			repositoryURL = "https://github.com/paescebu/CustomKeyboardKit";
			requirement = {
				kind = upToNextMajorVersion;
				minimumVersion = 1.0.1;
			};
		};
/* End XCRemoteSwiftPackageReference section */

/* Begin XCSwiftPackageProductDependency section */
		F52B55E32B7F256600338106 /* CustomKeyboardKit */ = {
			isa = XCSwiftPackageProductDependency;
			package = F52B55E22B7F256600338106 /* XCRemoteSwiftPackageReference "CustomKeyboardKit" */;
			productName = CustomKeyboardKit;
		};
/* End XCSwiftPackageProductDependency section */
	};
	rootObject = F572CBBA2B7F24BE0000E568 /* Project object */;
}
